// !$*UTF8*$!
{
	archiveVersion = 1;
	classes = {
	};
	objectVersion = 50;
	objects = {

/* Begin PBXBuildFile section */
		17E562372510ECA900321666 /* Tests_iOS.swift in Sources */ = {isa = PBXBuildFile; fileRef = 17E562362510ECA900321666 /* Tests_iOS.swift */; };
		17E562422510ECA900321666 /* Tests_macOS.swift in Sources */ = {isa = PBXBuildFile; fileRef = 17E562412510ECA900321666 /* Tests_macOS.swift */; };
		17E562442510ECA900321666 /* HolerApp.swift in Sources */ = {isa = PBXBuildFile; fileRef = 17E5621B2510ECA800321666 /* HolerApp.swift */; };
		17E562452510ECA900321666 /* HolerApp.swift in Sources */ = {isa = PBXBuildFile; fileRef = 17E5621B2510ECA800321666 /* HolerApp.swift */; };
		17E562462510ECA900321666 /* ContentView.swift in Sources */ = {isa = PBXBuildFile; fileRef = 17E5621C2510ECA800321666 /* ContentView.swift */; };
		17E562472510ECA900321666 /* ContentView.swift in Sources */ = {isa = PBXBuildFile; fileRef = 17E5621C2510ECA800321666 /* ContentView.swift */; };
		17E562482510ECA900321666 /* Assets.xcassets in Resources */ = {isa = PBXBuildFile; fileRef = 17E5621D2510ECA900321666 /* Assets.xcassets */; };
		17E562492510ECA900321666 /* Assets.xcassets in Resources */ = {isa = PBXBuildFile; fileRef = 17E5621D2510ECA900321666 /* Assets.xcassets */; };
/* End PBXBuildFile section */

/* Begin PBXContainerItemProxy section */
		17E562332510ECA900321666 /* PBXContainerItemProxy */ = {
			isa = PBXContainerItemProxy;
			containerPortal = 17E562162510ECA800321666 /* Project object */;
			proxyType = 1;
			remoteGlobalIDString = 17E562212510ECA900321666;
			remoteInfo = "Holer (iOS)";
		};
		17E5623E2510ECA900321666 /* PBXContainerItemProxy */ = {
			isa = PBXContainerItemProxy;
			containerPortal = 17E562162510ECA800321666 /* Project object */;
			proxyType = 1;
			remoteGlobalIDString = 17E562292510ECA900321666;
			remoteInfo = "Holer (macOS)";
		};
/* End PBXContainerItemProxy section */

/* Begin PBXFileReference section */
		17E5621B2510ECA800321666 /* HolerApp.swift */ = {isa = PBXFileReference; lastKnownFileType = sourcecode.swift; path = HolerApp.swift; sourceTree = "<group>"; };
		17E5621C2510ECA800321666 /* ContentView.swift */ = {isa = PBXFileReference; lastKnownFileType = sourcecode.swift; path = ContentView.swift; sourceTree = "<group>"; };
		17E5621D2510ECA900321666 /* Assets.xcassets */ = {isa = PBXFileReference; lastKnownFileType = folder.assetcatalog; path = Assets.xcassets; sourceTree = "<group>"; };
		17E562222510ECA900321666 /* Holer.app */ = {isa = PBXFileReference; explicitFileType = wrapper.application; includeInIndex = 0; path = Holer.app; sourceTree = BUILT_PRODUCTS_DIR; };
		17E562252510ECA900321666 /* Info.plist */ = {isa = PBXFileReference; lastKnownFileType = text.plist.xml; path = Info.plist; sourceTree = "<group>"; };
		17E5622A2510ECA900321666 /* Holer.app */ = {isa = PBXFileReference; explicitFileType = wrapper.application; includeInIndex = 0; path = Holer.app; sourceTree = BUILT_PRODUCTS_DIR; };
		17E5622C2510ECA900321666 /* Info.plist */ = {isa = PBXFileReference; lastKnownFileType = text.plist.xml; path = Info.plist; sourceTree = "<group>"; };
		17E5622D2510ECA900321666 /* macOS.entitlements */ = {isa = PBXFileReference; lastKnownFileType = text.plist.entitlements; path = macOS.entitlements; sourceTree = "<group>"; };
		17E562322510ECA900321666 /* Tests iOS.xctest */ = {isa = PBXFileReference; explicitFileType = wrapper.cfbundle; includeInIndex = 0; path = "Tests iOS.xctest"; sourceTree = BUILT_PRODUCTS_DIR; };
		17E562362510ECA900321666 /* Tests_iOS.swift */ = {isa = PBXFileReference; lastKnownFileType = sourcecode.swift; path = Tests_iOS.swift; sourceTree = "<group>"; };
		17E562382510ECA900321666 /* Info.plist */ = {isa = PBXFileReference; lastKnownFileType = text.plist.xml; path = Info.plist; sourceTree = "<group>"; };
		17E5623D2510ECA900321666 /* Tests macOS.xctest */ = {isa = PBXFileReference; explicitFileType = wrapper.cfbundle; includeInIndex = 0; path = "Tests macOS.xctest"; sourceTree = BUILT_PRODUCTS_DIR; };
		17E562412510ECA900321666 /* Tests_macOS.swift */ = {isa = PBXFileReference; lastKnownFileType = sourcecode.swift; path = Tests_macOS.swift; sourceTree = "<group>"; };
		17E562432510ECA900321666 /* Info.plist */ = {isa = PBXFileReference; lastKnownFileType = text.plist.xml; path = Info.plist; sourceTree = "<group>"; };
/* End PBXFileReference section */

/* Begin PBXFrameworksBuildPhase section */
		17E5621F2510ECA900321666 /* Frameworks */ = {
			isa = PBXFrameworksBuildPhase;
			buildActionMask = 2147483647;
			files = (
			);
			runOnlyForDeploymentPostprocessing = 0;
		};
		17E562272510ECA900321666 /* Frameworks */ = {
			isa = PBXFrameworksBuildPhase;
			buildActionMask = 2147483647;
			files = (
			);
			runOnlyForDeploymentPostprocessing = 0;
		};
		17E5622F2510ECA900321666 /* Frameworks */ = {
			isa = PBXFrameworksBuildPhase;
			buildActionMask = 2147483647;
			files = (
			);
			runOnlyForDeploymentPostprocessing = 0;
		};
		17E5623A2510ECA900321666 /* Frameworks */ = {
			isa = PBXFrameworksBuildPhase;
			buildActionMask = 2147483647;
			files = (
			);
			runOnlyForDeploymentPostprocessing = 0;
		};
/* End PBXFrameworksBuildPhase section */

/* Begin PBXGroup section */
		17E562152510ECA800321666 = {
			isa = PBXGroup;
			children = (
				17E5621A2510ECA800321666 /* Shared */,
				17E562242510ECA900321666 /* iOS */,
				17E5622B2510ECA900321666 /* macOS */,
				17E562352510ECA900321666 /* Tests iOS */,
				17E562402510ECA900321666 /* Tests macOS */,
				17E562232510ECA900321666 /* Products */,
			);
			sourceTree = "<group>";
		};
		17E5621A2510ECA800321666 /* Shared */ = {
			isa = PBXGroup;
			children = (
				17E5621B2510ECA800321666 /* HolerApp.swift */,
				17E5621C2510ECA800321666 /* ContentView.swift */,
				17E5621D2510ECA900321666 /* Assets.xcassets */,
			);
			path = Shared;
			sourceTree = "<group>";
		};
		17E562232510ECA900321666 /* Products */ = {
			isa = PBXGroup;
			children = (
				17E562222510ECA900321666 /* Holer.app */,
				17E5622A2510ECA900321666 /* Holer.app */,
				17E562322510ECA900321666 /* Tests iOS.xctest */,
				17E5623D2510ECA900321666 /* Tests macOS.xctest */,
			);
			name = Products;
			sourceTree = "<group>";
		};
		17E562242510ECA900321666 /* iOS */ = {
			isa = PBXGroup;
			children = (
				17E562252510ECA900321666 /* Info.plist */,
			);
			path = iOS;
			sourceTree = "<group>";
		};
		17E5622B2510ECA900321666 /* macOS */ = {
			isa = PBXGroup;
			children = (
				17E5622C2510ECA900321666 /* Info.plist */,
				17E5622D2510ECA900321666 /* macOS.entitlements */,
			);
			path = macOS;
			sourceTree = "<group>";
		};
		17E562352510ECA900321666 /* Tests iOS */ = {
			isa = PBXGroup;
			children = (
				17E562362510ECA900321666 /* Tests_iOS.swift */,
				17E562382510ECA900321666 /* Info.plist */,
			);
			path = "Tests iOS";
			sourceTree = "<group>";
		};
		17E562402510ECA900321666 /* Tests macOS */ = {
			isa = PBXGroup;
			children = (
				17E562412510ECA900321666 /* Tests_macOS.swift */,
				17E562432510ECA900321666 /* Info.plist */,
			);
			path = "Tests macOS";
			sourceTree = "<group>";
		};
/* End PBXGroup section */

/* Begin PBXNativeTarget section */
		17E562212510ECA900321666 /* Holer (iOS) */ = {
			isa = PBXNativeTarget;
			buildConfigurationList = 17E5624C2510ECA900321666 /* Build configuration list for PBXNativeTarget "Holer (iOS)" */;
			buildPhases = (
				17E5621E2510ECA900321666 /* Sources */,
				17E5621F2510ECA900321666 /* Frameworks */,
				17E562202510ECA900321666 /* Resources */,
			);
			buildRules = (
			);
			dependencies = (
			);
			name = "Holer (iOS)";
			productName = "Holer (iOS)";
			productReference = 17E562222510ECA900321666 /* Holer.app */;
			productType = "com.apple.product-type.application";
		};
		17E562292510ECA900321666 /* Holer (macOS) */ = {
			isa = PBXNativeTarget;
			buildConfigurationList = 17E5624F2510ECA900321666 /* Build configuration list for PBXNativeTarget "Holer (macOS)" */;
			buildPhases = (
				17E562262510ECA900321666 /* Sources */,
				17E562272510ECA900321666 /* Frameworks */,
				17E562282510ECA900321666 /* Resources */,
			);
			buildRules = (
			);
			dependencies = (
			);
			name = "Holer (macOS)";
			productName = "Holer (macOS)";
			productReference = 17E5622A2510ECA900321666 /* Holer.app */;
			productType = "com.apple.product-type.application";
		};
		17E562312510ECA900321666 /* Tests iOS */ = {
			isa = PBXNativeTarget;
			buildConfigurationList = 17E562522510ECA900321666 /* Build configuration list for PBXNativeTarget "Tests iOS" */;
			buildPhases = (
				17E5622E2510ECA900321666 /* Sources */,
				17E5622F2510ECA900321666 /* Frameworks */,
				17E562302510ECA900321666 /* Resources */,
			);
			buildRules = (
			);
			dependencies = (
				17E562342510ECA900321666 /* PBXTargetDependency */,
			);
			name = "Tests iOS";
			productName = "Tests iOS";
			productReference = 17E562322510ECA900321666 /* Tests iOS.xctest */;
			productType = "com.apple.product-type.bundle.ui-testing";
		};
		17E5623C2510ECA900321666 /* Tests macOS */ = {
			isa = PBXNativeTarget;
			buildConfigurationList = 17E562552510ECA900321666 /* Build configuration list for PBXNativeTarget "Tests macOS" */;
			buildPhases = (
				17E562392510ECA900321666 /* Sources */,
				17E5623A2510ECA900321666 /* Frameworks */,
				17E5623B2510ECA900321666 /* Resources */,
			);
			buildRules = (
			);
			dependencies = (
				17E5623F2510ECA900321666 /* PBXTargetDependency */,
			);
			name = "Tests macOS";
			productName = "Tests macOS";
			productReference = 17E5623D2510ECA900321666 /* Tests macOS.xctest */;
			productType = "com.apple.product-type.bundle.ui-testing";
		};
/* End PBXNativeTarget section */

/* Begin PBXProject section */
		17E562162510ECA800321666 /* Project object */ = {
			isa = PBXProject;
			attributes = {
				LastSwiftUpdateCheck = 1200;
				LastUpgradeCheck = 1200;
				TargetAttributes = {
					17E562212510ECA900321666 = {
						CreatedOnToolsVersion = 12.0;
					};
					17E562292510ECA900321666 = {
						CreatedOnToolsVersion = 12.0;
					};
					17E562312510ECA900321666 = {
						CreatedOnToolsVersion = 12.0;
						TestTargetID = 17E562212510ECA900321666;
					};
					17E5623C2510ECA900321666 = {
						CreatedOnToolsVersion = 12.0;
						TestTargetID = 17E562292510ECA900321666;
					};
				};
			};
			buildConfigurationList = 17E562192510ECA800321666 /* Build configuration list for PBXProject "Holer" */;
			compatibilityVersion = "Xcode 9.3";
			developmentRegion = en;
			hasScannedForEncodings = 0;
			knownRegions = (
				en,
				Base,
			);
			mainGroup = 17E562152510ECA800321666;
			productRefGroup = 17E562232510ECA900321666 /* Products */;
			projectDirPath = "";
			projectRoot = "";
			targets = (
				17E562212510ECA900321666 /* Holer (iOS) */,
				17E562292510ECA900321666 /* Holer (macOS) */,
				17E562312510ECA900321666 /* Tests iOS */,
				17E5623C2510ECA900321666 /* Tests macOS */,
			);
		};
/* End PBXProject section */

/* Begin PBXResourcesBuildPhase section */
		17E562202510ECA900321666 /* Resources */ = {
			isa = PBXResourcesBuildPhase;
			buildActionMask = 2147483647;
			files = (
				17E562482510ECA900321666 /* Assets.xcassets in Resources */,
			);
			runOnlyForDeploymentPostprocessing = 0;
		};
		17E562282510ECA900321666 /* Resources */ = {
			isa = PBXResourcesBuildPhase;
			buildActionMask = 2147483647;
			files = (
				17E562492510ECA900321666 /* Assets.xcassets in Resources */,
			);
			runOnlyForDeploymentPostprocessing = 0;
		};
		17E562302510ECA900321666 /* Resources */ = {
			isa = PBXResourcesBuildPhase;
			buildActionMask = 2147483647;
			files = (
			);
			runOnlyForDeploymentPostprocessing = 0;
		};
		17E5623B2510ECA900321666 /* Resources */ = {
			isa = PBXResourcesBuildPhase;
			buildActionMask = 2147483647;
			files = (
			);
			runOnlyForDeploymentPostprocessing = 0;
		};
/* End PBXResourcesBuildPhase section */

/* Begin PBXSourcesBuildPhase section */
		17E5621E2510ECA900321666 /* Sources */ = {
			isa = PBXSourcesBuildPhase;
			buildActionMask = 2147483647;
			files = (
				17E562462510ECA900321666 /* ContentView.swift in Sources */,
				17E562442510ECA900321666 /* HolerApp.swift in Sources */,
			);
			runOnlyForDeploymentPostprocessing = 0;
		};
		17E562262510ECA900321666 /* Sources */ = {
			isa = PBXSourcesBuildPhase;
			buildActionMask = 2147483647;
			files = (
				17E562472510ECA900321666 /* ContentView.swift in Sources */,
				17E562452510ECA900321666 /* HolerApp.swift in Sources */,
			);
			runOnlyForDeploymentPostprocessing = 0;
		};
		17E5622E2510ECA900321666 /* Sources */ = {
			isa = PBXSourcesBuildPhase;
			buildActionMask = 2147483647;
			files = (
				17E562372510ECA900321666 /* Tests_iOS.swift in Sources */,
			);
			runOnlyForDeploymentPostprocessing = 0;
		};
		17E562392510ECA900321666 /* Sources */ = {
			isa = PBXSourcesBuildPhase;
			buildActionMask = 2147483647;
			files = (
				17E562422510ECA900321666 /* Tests_macOS.swift in Sources */,
			);
			runOnlyForDeploymentPostprocessing = 0;
		};
/* End PBXSourcesBuildPhase section */

/* Begin PBXTargetDependency section */
		17E562342510ECA900321666 /* PBXTargetDependency */ = {
			isa = PBXTargetDependency;
			target = 17E562212510ECA900321666 /* Holer (iOS) */;
			targetProxy = 17E562332510ECA900321666 /* PBXContainerItemProxy */;
		};
		17E5623F2510ECA900321666 /* PBXTargetDependency */ = {
			isa = PBXTargetDependency;
			target = 17E562292510ECA900321666 /* Holer (macOS) */;
			targetProxy = 17E5623E2510ECA900321666 /* PBXContainerItemProxy */;
		};
/* End PBXTargetDependency section */

/* Begin XCBuildConfiguration section */
		17E5624A2510ECA900321666 /* Debug */ = {
			isa = XCBuildConfiguration;
			buildSettings = {
				ALWAYS_SEARCH_USER_PATHS = NO;
				CLANG_ANALYZER_NONNULL = YES;
				CLANG_ANALYZER_NUMBER_OBJECT_CONVERSION = YES_AGGRESSIVE;
				CLANG_CXX_LANGUAGE_STANDARD = "gnu++14";
				CLANG_CXX_LIBRARY = "libc++";
				CLANG_ENABLE_MODULES = YES;
				CLANG_ENABLE_OBJC_ARC = YES;
				CLANG_ENABLE_OBJC_WEAK = YES;
				CLANG_WARN_BLOCK_CAPTURE_AUTORELEASING = YES;
				CLANG_WARN_BOOL_CONVERSION = YES;
				CLANG_WARN_COMMA = YES;
				CLANG_WARN_CONSTANT_CONVERSION = YES;
				CLANG_WARN_DEPRECATED_OBJC_IMPLEMENTATIONS = YES;
				CLANG_WARN_DIRECT_OBJC_ISA_USAGE = YES_ERROR;
				CLANG_WARN_DOCUMENTATION_COMMENTS = YES;
				CLANG_WARN_EMPTY_BODY = YES;
				CLANG_WARN_ENUM_CONVERSION = YES;
				CLANG_WARN_INFINITE_RECURSION = YES;
				CLANG_WARN_INT_CONVERSION = YES;
				CLANG_WARN_NON_LITERAL_NULL_CONVERSION = YES;
				CLANG_WARN_OBJC_IMPLICIT_RETAIN_SELF = YES;
				CLANG_WARN_OBJC_LITERAL_CONVERSION = YES;
				CLANG_WARN_OBJC_ROOT_CLASS = YES_ERROR;
				CLANG_WARN_QUOTED_INCLUDE_IN_FRAMEWORK_HEADER = YES;
				CLANG_WARN_RANGE_LOOP_ANALYSIS = YES;
				CLANG_WARN_STRICT_PROTOTYPES = YES;
				CLANG_WARN_SUSPICIOUS_MOVE = YES;
				CLANG_WARN_UNGUARDED_AVAILABILITY = YES_AGGRESSIVE;
				CLANG_WARN_UNREACHABLE_CODE = YES;
				CLANG_WARN__DUPLICATE_METHOD_MATCH = YES;
				COPY_PHASE_STRIP = NO;
				DEBUG_INFORMATION_FORMAT = dwarf;
				ENABLE_STRICT_OBJC_MSGSEND = YES;
				ENABLE_TESTABILITY = YES;
				GCC_C_LANGUAGE_STANDARD = gnu11;
				GCC_DYNAMIC_NO_PIC = NO;
				GCC_NO_COMMON_BLOCKS = YES;
				GCC_OPTIMIZATION_LEVEL = 0;
				GCC_PREPROCESSOR_DEFINITIONS = (
					"DEBUG=1",
					"$(inherited)",
				);
				GCC_WARN_64_TO_32_BIT_CONVERSION = YES;
				GCC_WARN_ABOUT_RETURN_TYPE = YES_ERROR;
				GCC_WARN_UNDECLARED_SELECTOR = YES;
				GCC_WARN_UNINITIALIZED_AUTOS = YES_AGGRESSIVE;
				GCC_WARN_UNUSED_FUNCTION = YES;
				GCC_WARN_UNUSED_VARIABLE = YES;
				MTL_ENABLE_DEBUG_INFO = INCLUDE_SOURCE;
				MTL_FAST_MATH = YES;
				ONLY_ACTIVE_ARCH = YES;
				SWIFT_ACTIVE_COMPILATION_CONDITIONS = DEBUG;
				SWIFT_OPTIMIZATION_LEVEL = "-Onone";
			};
			name = Debug;
		};
		17E5624B2510ECA900321666 /* Release */ = {
			isa = XCBuildConfiguration;
			buildSettings = {
				ALWAYS_SEARCH_USER_PATHS = NO;
				CLANG_ANALYZER_NONNULL = YES;
				CLANG_ANALYZER_NUMBER_OBJECT_CONVERSION = YES_AGGRESSIVE;
				CLANG_CXX_LANGUAGE_STANDARD = "gnu++14";
				CLANG_CXX_LIBRARY = "libc++";
				CLANG_ENABLE_MODULES = YES;
				CLANG_ENABLE_OBJC_ARC = YES;
				CLANG_ENABLE_OBJC_WEAK = YES;
				CLANG_WARN_BLOCK_CAPTURE_AUTORELEASING = YES;
				CLANG_WARN_BOOL_CONVERSION = YES;
				CLANG_WARN_COMMA = YES;
				CLANG_WARN_CONSTANT_CONVERSION = YES;
				CLANG_WARN_DEPRECATED_OBJC_IMPLEMENTATIONS = YES;
				CLANG_WARN_DIRECT_OBJC_ISA_USAGE = YES_ERROR;
				CLANG_WARN_DOCUMENTATION_COMMENTS = YES;
				CLANG_WARN_EMPTY_BODY = YES;
				CLANG_WARN_ENUM_CONVERSION = YES;
				CLANG_WARN_INFINITE_RECURSION = YES;
				CLANG_WARN_INT_CONVERSION = YES;
				CLANG_WARN_NON_LITERAL_NULL_CONVERSION = YES;
				CLANG_WARN_OBJC_IMPLICIT_RETAIN_SELF = YES;
				CLANG_WARN_OBJC_LITERAL_CONVERSION = YES;
				CLANG_WARN_OBJC_ROOT_CLASS = YES_ERROR;
				CLANG_WARN_QUOTED_INCLUDE_IN_FRAMEWORK_HEADER = YES;
				CLANG_WARN_RANGE_LOOP_ANALYSIS = YES;
				CLANG_WARN_STRICT_PROTOTYPES = YES;
				CLANG_WARN_SUSPICIOUS_MOVE = YES;
				CLANG_WARN_UNGUARDED_AVAILABILITY = YES_AGGRESSIVE;
				CLANG_WARN_UNREACHABLE_CODE = YES;
				CLANG_WARN__DUPLICATE_METHOD_MATCH = YES;
				COPY_PHASE_STRIP = NO;
				DEBUG_INFORMATION_FORMAT = "dwarf-with-dsym";
				ENABLE_NS_ASSERTIONS = NO;
				ENABLE_STRICT_OBJC_MSGSEND = YES;
				GCC_C_LANGUAGE_STANDARD = gnu11;
				GCC_NO_COMMON_BLOCKS = YES;
				GCC_WARN_64_TO_32_BIT_CONVERSION = YES;
				GCC_WARN_ABOUT_RETURN_TYPE = YES_ERROR;
				GCC_WARN_UNDECLARED_SELECTOR = YES;
				GCC_WARN_UNINITIALIZED_AUTOS = YES_AGGRESSIVE;
				GCC_WARN_UNUSED_FUNCTION = YES;
				GCC_WARN_UNUSED_VARIABLE = YES;
				MTL_ENABLE_DEBUG_INFO = NO;
				MTL_FAST_MATH = YES;
				SWIFT_COMPILATION_MODE = wholemodule;
				SWIFT_OPTIMIZATION_LEVEL = "-O";
			};
			name = Release;
		};
		17E5624D2510ECA900321666 /* Debug */ = {
			isa = XCBuildConfiguration;
			buildSettings = {
				ASSETCATALOG_COMPILER_APPICON_NAME = AppIcon;
				ASSETCATALOG_COMPILER_GLOBAL_ACCENT_COLOR_NAME = AccentColor;
				CODE_SIGN_STYLE = Automatic;
				DEVELOPMENT_TEAM = 26D9J53DZ5;
				ENABLE_PREVIEWS = YES;
				INFOPLIST_FILE = iOS/Info.plist;
				IPHONEOS_DEPLOYMENT_TARGET = 14.0;
				LD_RUNPATH_SEARCH_PATHS = (
					"$(inherited)",
					"@executable_path/Frameworks",
				);
				PRODUCT_BUNDLE_IDENTIFIER = "com.fang-gco.Holer";
				PRODUCT_NAME = Holer;
				SDKROOT = iphoneos;
				SWIFT_VERSION = 5.0;
				TARGETED_DEVICE_FAMILY = "1,2";
			};
			name = Debug;
		};
		17E5624E2510ECA900321666 /* Release */ = {
			isa = XCBuildConfiguration;
			buildSettings = {
				ASSETCATALOG_COMPILER_APPICON_NAME = AppIcon;
				ASSETCATALOG_COMPILER_GLOBAL_ACCENT_COLOR_NAME = AccentColor;
				CODE_SIGN_STYLE = Automatic;
				DEVELOPMENT_TEAM = 26D9J53DZ5;
				ENABLE_PREVIEWS = YES;
				INFOPLIST_FILE = iOS/Info.plist;
				IPHONEOS_DEPLOYMENT_TARGET = 14.0;
				LD_RUNPATH_SEARCH_PATHS = (
					"$(inherited)",
					"@executable_path/Frameworks",
				);
				PRODUCT_BUNDLE_IDENTIFIER = "com.fang-gco.Holer";
				PRODUCT_NAME = Holer;
				SDKROOT = iphoneos;
				SWIFT_VERSION = 5.0;
				TARGETED_DEVICE_FAMILY = "1,2";
				VALIDATE_PRODUCT = YES;
			};
			name = Release;
		};
		17E562502510ECA900321666 /* Debug */ = {
			isa = XCBuildConfiguration;
			buildSettings = {
				ASSETCATALOG_COMPILER_APPICON_NAME = AppIcon;
				ASSETCATALOG_COMPILER_GLOBAL_ACCENT_COLOR_NAME = AccentColor;
				CODE_SIGN_ENTITLEMENTS = macOS/macOS.entitlements;
				CODE_SIGN_STYLE = Automatic;
				COMBINE_HIDPI_IMAGES = YES;
				DEVELOPMENT_TEAM = 26D9J53DZ5;
				ENABLE_HARDENED_RUNTIME = YES;
				ENABLE_PREVIEWS = YES;
				INFOPLIST_FILE = macOS/Info.plist;
				LD_RUNPATH_SEARCH_PATHS = (
					"$(inherited)",
					"@executable_path/../Frameworks",
				);
				MACOSX_DEPLOYMENT_TARGET = 11.0;
				PRODUCT_BUNDLE_IDENTIFIER = "com.fang-gco.Holer";
				PRODUCT_NAME = Holer;
				SDKROOT = macosx;
				SWIFT_VERSION = 5.0;
			};
			name = Debug;
		};
		17E562512510ECA900321666 /* Release */ = {
			isa = XCBuildConfiguration;
			buildSettings = {
				ASSETCATALOG_COMPILER_APPICON_NAME = AppIcon;
				ASSETCATALOG_COMPILER_GLOBAL_ACCENT_COLOR_NAME = AccentColor;
				CODE_SIGN_ENTITLEMENTS = macOS/macOS.entitlements;
				CODE_SIGN_STYLE = Automatic;
				COMBINE_HIDPI_IMAGES = YES;
				DEVELOPMENT_TEAM = 26D9J53DZ5;
				ENABLE_HARDENED_RUNTIME = YES;
				ENABLE_PREVIEWS = YES;
				INFOPLIST_FILE = macOS/Info.plist;
				LD_RUNPATH_SEARCH_PATHS = (
					"$(inherited)",
					"@executable_path/../Frameworks",
				);
				MACOSX_DEPLOYMENT_TARGET = 11.0;
				PRODUCT_BUNDLE_IDENTIFIER = "com.fang-gco.Holer";
				PRODUCT_NAME = Holer;
				SDKROOT = macosx;
				SWIFT_VERSION = 5.0;
			};
			name = Release;
		};
		17E562532510ECA900321666 /* Debug */ = {
			isa = XCBuildConfiguration;
			buildSettings = {
				ALWAYS_EMBED_SWIFT_STANDARD_LIBRARIES = YES;
				CODE_SIGN_STYLE = Automatic;
				DEVELOPMENT_TEAM = 26D9J53DZ5;
				INFOPLIST_FILE = "Tests iOS/Info.plist";
				IPHONEOS_DEPLOYMENT_TARGET = 14.0;
				LD_RUNPATH_SEARCH_PATHS = (
					"$(inherited)",
					"@executable_path/Frameworks",
					"@loader_path/Frameworks",
				);
				PRODUCT_BUNDLE_IDENTIFIER = "com.fang-gco.Tests-iOS";
				PRODUCT_NAME = "$(TARGET_NAME)";
				SDKROOT = iphoneos;
				SWIFT_VERSION = 5.0;
				TARGETED_DEVICE_FAMILY = "1,2";
				TEST_TARGET_NAME = "Holer (iOS)";
			};
			name = Debug;
		};
		17E562542510ECA900321666 /* Release */ = {
			isa = XCBuildConfiguration;
			buildSettings = {
				ALWAYS_EMBED_SWIFT_STANDARD_LIBRARIES = YES;
				CODE_SIGN_STYLE = Automatic;
				DEVELOPMENT_TEAM = 26D9J53DZ5;
				INFOPLIST_FILE = "Tests iOS/Info.plist";
				IPHONEOS_DEPLOYMENT_TARGET = 14.0;
				LD_RUNPATH_SEARCH_PATHS = (
					"$(inherited)",
					"@executable_path/Frameworks",
					"@loader_path/Frameworks",
				);
				PRODUCT_BUNDLE_IDENTIFIER = "com.fang-gco.Tests-iOS";
				PRODUCT_NAME = "$(TARGET_NAME)";
				SDKROOT = iphoneos;
				SWIFT_VERSION = 5.0;
				TARGETED_DEVICE_FAMILY = "1,2";
				TEST_TARGET_NAME = "Holer (iOS)";
				VALIDATE_PRODUCT = YES;
			};
			name = Release;
		};
		17E562562510ECA900321666 /* Debug */ = {
			isa = XCBuildConfiguration;
			buildSettings = {
				ALWAYS_EMBED_SWIFT_STANDARD_LIBRARIES = YES;
				CODE_SIGN_STYLE = Automatic;
				COMBINE_HIDPI_IMAGES = YES;
				DEVELOPMENT_TEAM = 26D9J53DZ5;
				INFOPLIST_FILE = "Tests macOS/Info.plist";
				LD_RUNPATH_SEARCH_PATHS = (
					"$(inherited)",
					"@executable_path/../Frameworks",
					"@loader_path/../Frameworks",
				);
				MACOSX_DEPLOYMENT_TARGET = 11.0;
				PRODUCT_BUNDLE_IDENTIFIER = "com.fang-gco.Tests-macOS";
				PRODUCT_NAME = "$(TARGET_NAME)";
				SDKROOT = macosx;
				SWIFT_VERSION = 5.0;
				TEST_TARGET_NAME = "Holer (macOS)";
			};
			name = Debug;
		};
		17E562572510ECA900321666 /* Release */ = {
			isa = XCBuildConfiguration;
			buildSettings = {
				ALWAYS_EMBED_SWIFT_STANDARD_LIBRARIES = YES;
				CODE_SIGN_STYLE = Automatic;
				COMBINE_HIDPI_IMAGES = YES;
				DEVELOPMENT_TEAM = 26D9J53DZ5;
				INFOPLIST_FILE = "Tests macOS/Info.plist";
				LD_RUNPATH_SEARCH_PATHS = (
					"$(inherited)",
					"@executable_path/../Frameworks",
					"@loader_path/../Frameworks",
				);
				MACOSX_DEPLOYMENT_TARGET = 11.0;
				PRODUCT_BUNDLE_IDENTIFIER = "com.fang-gco.Tests-macOS";
				PRODUCT_NAME = "$(TARGET_NAME)";
				SDKROOT = macosx;
				SWIFT_VERSION = 5.0;
				TEST_TARGET_NAME = "Holer (macOS)";
			};
			name = Release;
		};
/* End XCBuildConfiguration section */

/* Begin XCConfigurationList section */
		17E562192510ECA800321666 /* Build configuration list for PBXProject "Holer" */ = {
			isa = XCConfigurationList;
			buildConfigurations = (
				17E5624A2510ECA900321666 /* Debug */,
				17E5624B2510ECA900321666 /* Release */,
			);
			defaultConfigurationIsVisible = 0;
			defaultConfigurationName = Release;
		};
		17E5624C2510ECA900321666 /* Build configuration list for PBXNativeTarget "Holer (iOS)" */ = {
			isa = XCConfigurationList;
			buildConfigurations = (
				17E5624D2510ECA900321666 /* Debug */,
				17E5624E2510ECA900321666 /* Release */,
			);
			defaultConfigurationIsVisible = 0;
			defaultConfigurationName = Release;
		};
		17E5624F2510ECA900321666 /* Build configuration list for PBXNativeTarget "Holer (macOS)" */ = {
			isa = XCConfigurationList;
			buildConfigurations = (
				17E562502510ECA900321666 /* Debug */,
				17E562512510ECA900321666 /* Release */,
			);
			defaultConfigurationIsVisible = 0;
			defaultConfigurationName = Release;
		};
		17E562522510ECA900321666 /* Build configuration list for PBXNativeTarget "Tests iOS" */ = {
			isa = XCConfigurationList;
			buildConfigurations = (
				17E562532510ECA900321666 /* Debug */,
				17E562542510ECA900321666 /* Release */,
			);
			defaultConfigurationIsVisible = 0;
			defaultConfigurationName = Release;
		};
		17E562552510ECA900321666 /* Build configuration list for PBXNativeTarget "Tests macOS" */ = {
			isa = XCConfigurationList;
			buildConfigurations = (
				17E562562510ECA900321666 /* Debug */,
				17E562572510ECA900321666 /* Release */,
			);
			defaultConfigurationIsVisible = 0;
			defaultConfigurationName = Release;
		};
/* End XCConfigurationList section */
	};
	rootObject = 17E562162510ECA800321666 /* Project object */;
}
